{
  "originHash" : "da146aad9459278ae11ea0a553f1f89af13faf257f0e5bd9260107313e9c5a6a",
  "pins" : [
    {
      "identity" : "focusentity",
      "kind" : "remoteSourceControl",
      "location" : "https://github.com/maxxfrazer/FocusEntity.git",
      "state" : {
        "revision" : "3e08b26f863957113f4d0b2d45cf6dfbd1a41333",
        "version" : "2.5.2"
      }
    }
  ],
  "version" : 3
}
